// !$*UTF8*$!
{
	archiveVersion = 1;
	classes = {
	};
	objectVersion = 46;
	objects = {

/* Begin PBXBuildFile section */
		DCF5B7C41E9A4DC200172E46 /* AppDelegate.swift in Sources */ = {isa = PBXBuildFile; fileRef = DCF5B7C31E9A4DC200172E46 /* AppDelegate.swift */; };
		DCF5B7C61E9A4DC200172E46 /* ViewController.swift in Sources */ = {isa = PBXBuildFile; fileRef = DCF5B7C51E9A4DC200172E46 /* ViewController.swift */; };
		DCF5B7C91E9A4DC200172E46 /* Main.storyboard in Resources */ = {isa = PBXBuildFile; fileRef = DCF5B7C71E9A4DC200172E46 /* Main.storyboard */; };
		DCF5B7CC1E9A4DC200172E46 /* CoredataSample.xcdatamodeld in Sources */ = {isa = PBXBuildFile; fileRef = DCF5B7CA1E9A4DC200172E46 /* CoredataSample.xcdatamodeld */; };
		DCF5B7CE1E9A4DC200172E46 /* Assets.xcassets in Resources */ = {isa = PBXBuildFile; fileRef = DCF5B7CD1E9A4DC200172E46 /* Assets.xcassets */; };
		DCF5B7D11E9A4DC200172E46 /* LaunchScreen.storyboard in Resources */ = {isa = PBXBuildFile; fileRef = DCF5B7CF1E9A4DC200172E46 /* LaunchScreen.storyboard */; };
/* End PBXBuildFile section */

/* Begin PBXFileReference section */
		DCF5B7C01E9A4DC200172E46 /* CoredataSample.app */ = {isa = PBXFileReference; explicitFileType = wrapper.application; includeInIndex = 0; path = CoredataSample.app; sourceTree = BUILT_PRODUCTS_DIR; };
		DCF5B7C31E9A4DC200172E46 /* AppDelegate.swift */ = {isa = PBXFileReference; lastKnownFileType = sourcecode.swift; path = AppDelegate.swift; sourceTree = "<group>"; };
		DCF5B7C51E9A4DC200172E46 /* ViewController.swift */ = {isa = PBXFileReference; lastKnownFileType = sourcecode.swift; path = ViewController.swift; sourceTree = "<group>"; };
		DCF5B7C81E9A4DC200172E46 /* Base */ = {isa = PBXFileReference; lastKnownFileType = file.storyboard; name = Base; path = Base.lproj/Main.storyboard; sourceTree = "<group>"; };
		DCF5B7CB1E9A4DC200172E46 /* CoredataSample.xcdatamodel */ = {isa = PBXFileReference; lastKnownFileType = wrapper.xcdatamodel; path = CoredataSample.xcdatamodel; sourceTree = "<group>"; };
		DCF5B7CD1E9A4DC200172E46 /* Assets.xcassets */ = {isa = PBXFileReference; lastKnownFileType = folder.assetcatalog; path = Assets.xcassets; sourceTree = "<group>"; };
		DCF5B7D01E9A4DC200172E46 /* Base */ = {isa = PBXFileReference; lastKnownFileType = file.storyboard; name = Base; path = Base.lproj/LaunchScreen.storyboard; sourceTree = "<group>"; };
		DCF5B7D21E9A4DC200172E46 /* Info.plist */ = {isa = PBXFileReference; lastKnownFileType = text.plist.xml; path = Info.plist; sourceTree = "<group>"; };
/* End PBXFileReference section */

/* Begin PBXFrameworksBuildPhase section */
		DCF5B7BD1E9A4DC200172E46 /* Frameworks */ = {
			isa = PBXFrameworksBuildPhase;
			buildActionMask = 2147483647;
			files = (
			);
			runOnlyForDeploymentPostprocessing = 0;
		};
/* End PBXFrameworksBuildPhase section */

/* Begin PBXGroup section */
		DCF5B7B71E9A4DC100172E46 = {
			isa = PBXGroup;
			children = (
				DCF5B7C21E9A4DC200172E46 /* CoredataSample */,
				DCF5B7C11E9A4DC200172E46 /* Products */,
			);
			sourceTree = "<group>";
		};
		DCF5B7C11E9A4DC200172E46 /* Products */ = {
			isa = PBXGroup;
			children = (
				DCF5B7C01E9A4DC200172E46 /* CoredataSample.app */,
			);
			name = Products;
			sourceTree = "<group>";
		};
		DCF5B7C21E9A4DC200172E46 /* CoredataSample */ = {
			isa = PBXGroup;
			children = (
				DCF5B7C31E9A4DC200172E46 /* AppDelegate.swift */,
				DCF5B7C51E9A4DC200172E46 /* ViewController.swift */,
				DCF5B7C71E9A4DC200172E46 /* Main.storyboard */,
				DCF5B7CD1E9A4DC200172E46 /* Assets.xcassets */,
				DCF5B7CF1E9A4DC200172E46 /* LaunchScreen.storyboard */,
				DCF5B7D21E9A4DC200172E46 /* Info.plist */,
				DCF5B7CA1E9A4DC200172E46 /* CoredataSample.xcdatamodeld */,
			);
			path = CoredataSample;
			sourceTree = "<group>";
		};
/* End PBXGroup section */

/* Begin PBXNativeTarget section */
		DCF5B7BF1E9A4DC200172E46 /* CoredataSample */ = {
			isa = PBXNativeTarget;
			buildConfigurationList = DCF5B7D51E9A4DC200172E46 /* Build configuration list for PBXNativeTarget "CoredataSample" */;
			buildPhases = (
				DCF5B7BC1E9A4DC200172E46 /* Sources */,
				DCF5B7BD1E9A4DC200172E46 /* Frameworks */,
				DCF5B7BE1E9A4DC200172E46 /* Resources */,
			);
			buildRules = (
			);
			dependencies = (
			);
			name = CoredataSample;
			productName = CoredataSample;
			productReference = DCF5B7C01E9A4DC200172E46 /* CoredataSample.app */;
			productType = "com.apple.product-type.application";
		};
/* End PBXNativeTarget section */

/* Begin PBXProject section */
		DCF5B7B81E9A4DC200172E46 /* Project object */ = {
			isa = PBXProject;
			attributes = {
				LastSwiftUpdateCheck = 0830;
				LastUpgradeCheck = 0830;
				ORGANIZATIONNAME = "dw-test01";
				TargetAttributes = {
					DCF5B7BF1E9A4DC200172E46 = {
						CreatedOnToolsVersion = 8.3.1;
						ProvisioningStyle = Automatic;
					};
				};
			};
			buildConfigurationList = DCF5B7BB1E9A4DC200172E46 /* Build configuration list for PBXProject "CoredataSample" */;
			compatibilityVersion = "Xcode 3.2";
			developmentRegion = English;
			hasScannedForEncodings = 0;
			knownRegions = (
				en,
				Base,
			);
			mainGroup = DCF5B7B71E9A4DC100172E46;
			productRefGroup = DCF5B7C11E9A4DC200172E46 /* Products */;
			projectDirPath = "";
			projectRoot = "";
			targets = (
				DCF5B7BF1E9A4DC200172E46 /* CoredataSample */,
			);
		};
/* End PBXProject section */

/* Begin PBXResourcesBuildPhase section */
		DCF5B7BE1E9A4DC200172E46 /* Resources */ = {
			isa = PBXResourcesBuildPhase;
			buildActionMask = 2147483647;
			files = (
				DCF5B7D11E9A4DC200172E46 /* LaunchScreen.storyboard in Resources */,
				DCF5B7CE1E9A4DC200172E46 /* Assets.xcassets in Resources */,
				DCF5B7C91E9A4DC200172E46 /* Main.storyboard in Resources */,
			);
			runOnlyForDeploymentPostprocessing = 0;
		};
/* End PBXResourcesBuildPhase section */

/* Begin PBXSourcesBuildPhase section */
		DCF5B7BC1E9A4DC200172E46 /* Sources */ = {
			isa = PBXSourcesBuildPhase;
			buildActionMask = 2147483647;
			files = (
				DCF5B7C61E9A4DC200172E46 /* ViewController.swift in Sources */,
				DCF5B7CC1E9A4DC200172E46 /* CoredataSample.xcdatamodeld in Sources */,
				DCF5B7C41E9A4DC200172E46 /* AppDelegate.swift in Sources */,
			);
			runOnlyForDeploymentPostprocessing = 0;
		};
/* End PBXSourcesBuildPhase section */

/* Begin PBXVariantGroup section */
		DCF5B7C71E9A4DC200172E46 /* Main.storyboard */ = {
			isa = PBXVariantGroup;
			children = (
				DCF5B7C81E9A4DC200172E46 /* Base */,
			);
			name = Main.storyboard;
			sourceTree = "<group>";
		};
		DCF5B7CF1E9A4DC200172E46 /* LaunchScreen.storyboard */ = {
			isa = PBXVariantGroup;
			children = (
				DCF5B7D01E9A4DC200172E46 /* Base */,
			);
			name = LaunchScreen.storyboard;
			sourceTree = "<group>";
		};
/* End PBXVariantGroup section */

/* Begin XCBuildConfiguration section */
		DCF5B7D31E9A4DC200172E46 /* Debug */ = {
			isa = XCBuildConfiguration;
			buildSettings = {
				ALWAYS_SEARCH_USER_PATHS = NO;
				CLANG_ANALYZER_NONNULL = YES;
				CLANG_ANALYZER_NUMBER_OBJECT_CONVERSION = YES_AGGRESSIVE;
				CLANG_CXX_LANGUAGE_STANDARD = "gnu++0x";
				CLANG_CXX_LIBRARY = "libc++";
				CLANG_ENABLE_MODULES = YES;
				CLANG_ENABLE_OBJC_ARC = YES;
				CLANG_WARN_BOOL_CONVERSION = YES;
				CLANG_WARN_CONSTANT_CONVERSION = YES;
				CLANG_WARN_DIRECT_OBJC_ISA_USAGE = YES_ERROR;
				CLANG_WARN_DOCUMENTATION_COMMENTS = YES;
				CLANG_WARN_EMPTY_BODY = YES;
				CLANG_WARN_ENUM_CONVERSION = YES;
				CLANG_WARN_INFINITE_RECURSION = YES;
				CLANG_WARN_INT_CONVERSION = YES;
				CLANG_WARN_OBJC_ROOT_CLASS = YES_ERROR;
				CLANG_WARN_SUSPICIOUS_MOVE = YES;
				CLANG_WARN_UNREACHABLE_CODE = YES;
				CLANG_WARN__DUPLICATE_METHOD_MATCH = YES;
				"CODE_SIGN_IDENTITY[sdk=iphoneos*]" = "iPhone Developer";
				COPY_PHASE_STRIP = NO;
				DEBUG_INFORMATION_FORMAT = dwarf;
				ENABLE_STRICT_OBJC_MSGSEND = YES;
				ENABLE_TESTABILITY = YES;
				GCC_C_LANGUAGE_STANDARD = gnu99;
				GCC_DYNAMIC_NO_PIC = NO;
				GCC_NO_COMMON_BLOCKS = YES;
				GCC_OPTIMIZATION_LEVEL = 0;
				GCC_PREPROCESSOR_DEFINITIONS = (
					"DEBUG=1",
					"$(inherited)",
				);
				GCC_WARN_64_TO_32_BIT_CONVERSION = YES;
				GCC_WARN_ABOUT_RETURN_TYPE = YES_ERROR;
				GCC_WARN_UNDECLARED_SELECTOR = YES;
				GCC_WARN_UNINITIALIZED_AUTOS = YES_AGGRESSIVE;
				GCC_WARN_UNUSED_FUNCTION = YES;
				GCC_WARN_UNUSED_VARIABLE = YES;
				IPHONEOS_DEPLOYMENT_TARGET = 10.3;
				MTL_ENABLE_DEBUG_INFO = YES;
				ONLY_ACTIVE_ARCH = YES;
				SDKROOT = iphoneos;
				SWIFT_ACTIVE_COMPILATION_CONDITIONS = DEBUG;
				SWIFT_OPTIMIZATION_LEVEL = "-Onone";
			};
			name = Debug;
		};
		DCF5B7D41E9A4DC200172E46 /* Release */ = {
			isa = XCBuildConfiguration;
			buildSettings = {
				ALWAYS_SEARCH_USER_PATHS = NO;
				CLANG_ANALYZER_NONNULL = YES;
				CLANG_ANALYZER_NUMBER_OBJECT_CONVERSION = YES_AGGRESSIVE;
				CLANG_CXX_LANGUAGE_STANDARD = "gnu++0x";
				CLANG_CXX_LIBRARY = "libc++";
				CLANG_ENABLE_MODULES = YES;
				CLANG_ENABLE_OBJC_ARC = YES;
				CLANG_WARN_BOOL_CONVERSION = YES;
				CLANG_WARN_CONSTANT_CONVERSION = YES;
				CLANG_WARN_DIRECT_OBJC_ISA_USAGE = YES_ERROR;
				CLANG_WARN_DOCUMENTATION_COMMENTS = YES;
				CLANG_WARN_EMPTY_BODY = YES;
				CLANG_WARN_ENUM_CONVERSION = YES;
				CLANG_WARN_INFINITE_RECURSION = YES;
				CLANG_WARN_INT_CONVERSION = YES;
				CLANG_WARN_OBJC_ROOT_CLASS = YES_ERROR;
				CLANG_WARN_SUSPICIOUS_MOVE = YES;
				CLANG_WARN_UNREACHABLE_CODE = YES;
				CLANG_WARN__DUPLICATE_METHOD_MATCH = YES;
				"CODE_SIGN_IDENTITY[sdk=iphoneos*]" = "iPhone Developer";
				COPY_PHASE_STRIP = NO;
				DEBUG_INFORMATION_FORMAT = "dwarf-with-dsym";
				ENABLE_NS_ASSERTIONS = NO;
				ENABLE_STRICT_OBJC_MSGSEND = YES;
				GCC_C_LANGUAGE_STANDARD = gnu99;
				GCC_NO_COMMON_BLOCKS = YES;
				GCC_WARN_64_TO_32_BIT_CONVERSION = YES;
				GCC_WARN_ABOUT_RETURN_TYPE = YES_ERROR;
				GCC_WARN_UNDECLARED_SELECTOR = YES;
				GCC_WARN_UNINITIALIZED_AUTOS = YES_AGGRESSIVE;
				GCC_WARN_UNUSED_FUNCTION = YES;
				GCC_WARN_UNUSED_VARIABLE = YES;
				IPHONEOS_DEPLOYMENT_TARGET = 10.3;
				MTL_ENABLE_DEBUG_INFO = NO;
				SDKROOT = iphoneos;
				SWIFT_OPTIMIZATION_LEVEL = "-Owholemodule";
				VALIDATE_PRODUCT = YES;
			};
			name = Release;
		};
		DCF5B7D61E9A4DC200172E46 /* Debug */ = {
			isa = XCBuildConfiguration;
			buildSettings = {
				ASSETCATALOG_COMPILER_APPICON_NAME = AppIcon;
				INFOPLIST_FILE = CoredataSample/Info.plist;
				LD_RUNPATH_SEARCH_PATHS = "$(inherited) @executable_path/Frameworks";
				PRODUCT_BUNDLE_IDENTIFIER = test.test.test226.CoredataSample;
				PRODUCT_NAME = "$(TARGET_NAME)";
				SWIFT_VERSION = 3.0;
			};
			name = Debug;
		};
		DCF5B7D71E9A4DC200172E46 /* Release */ = {
			isa = XCBuildConfiguration;
			buildSettings = {
				ASSETCATALOG_COMPILER_APPICON_NAME = AppIcon;
				INFOPLIST_FILE = CoredataSample/Info.plist;
				LD_RUNPATH_SEARCH_PATHS = "$(inherited) @executable_path/Frameworks";
				PRODUCT_BUNDLE_IDENTIFIER = test.test.test226.CoredataSample;
				PRODUCT_NAME = "$(TARGET_NAME)";
				SWIFT_VERSION = 3.0;
			};
			name = Release;
		};
/* End XCBuildConfiguration section */

/* Begin XCConfigurationList section */
		DCF5B7BB1E9A4DC200172E46 /* Build configuration list for PBXProject "CoredataSample" */ = {
			isa = XCConfigurationList;
			buildConfigurations = (
				DCF5B7D31E9A4DC200172E46 /* Debug */,
				DCF5B7D41E9A4DC200172E46 /* Release */,
			);
			defaultConfigurationIsVisible = 0;
			defaultConfigurationName = Release;
		};
		DCF5B7D51E9A4DC200172E46 /* Build configuration list for PBXNativeTarget "CoredataSample" */ = {
			isa = XCConfigurationList;
			buildConfigurations = (
				DCF5B7D61E9A4DC200172E46 /* Debug */,
				DCF5B7D71E9A4DC200172E46 /* Release */,
			);
			defaultConfigurationIsVisible = 0;
		};
/* End XCConfigurationList section */

/* Begin XCVersionGroup section */
		DCF5B7CA1E9A4DC200172E46 /* CoredataSample.xcdatamodeld */ = {
			isa = XCVersionGroup;
			children = (
				DCF5B7CB1E9A4DC200172E46 /* CoredataSample.xcdatamodel */,
			);
			currentVersion = DCF5B7CB1E9A4DC200172E46 /* CoredataSample.xcdatamodel */;
			path = CoredataSample.xcdatamodeld;
			sourceTree = "<group>";
			versionGroupType = wrapper.xcdatamodel;
		};
/* End XCVersionGroup section */
	};
	rootObject = DCF5B7B81E9A4DC200172E46 /* Project object */;
}
